
Microsoft Visual Studio Solution File, Format Version 12.00
# Visual Studio Version 16
Project("{2150E333-8FDC-42A3-9474-1A3956D46DE8}") = "Services", "Services", "{7A66F71A-0B17-46D1-AAAB-2E9C1F608A48}"
EndProject
Project("{2150E333-8FDC-42A3-9474-1A3956D46DE8}") = "Catalog", "Catalog", "{C99087A0-2C35-4530-84A9-2FA57165CC05}"
EndProject
Project("{FAE04EC0-301F-11D3-BF4B-00C04F79EFBC}") = "Catelog.API", "Services\Catalog\Catelog.API\Catelog.API.csproj", "{566AD916-A3ED-4B45-8277-63E5120591F5}"
EndProject
Project("{2150E333-8FDC-42A3-9474-1A3956D46DE8}") = "Basket", "Basket", "{F513C329-B8AB-454F-B926-678D4D29755F}"
EndProject
Project("{FAE04EC0-301F-11D3-BF4B-00C04F79EFBC}") = "Basket.API", "Services\Basket\Basket.API\Basket.API.csproj", "{87479422-C9DD-4691-9D29-ACF24CDB6EE3}"
EndProject
Project("{E53339B2-1760-4266-BCC7-CA923CBCF16C}") = "docker-compose", "docker-compose.dcproj", "{E9366576-A207-4123-B251-85AD580C6598}"
EndProject
Project("{2150E333-8FDC-42A3-9474-1A3956D46DE8}") = "Discount", "Discount", "{FDE05626-78E8-4102-A780-9A81CB612F91}"
EndProject
Project("{FAE04EC0-301F-11D3-BF4B-00C04F79EFBC}") = "Discount.API", "Services\Discount\Discount.API\Discount.API.csproj", "{E1FF675E-6F64-467A-ADB4-C066F83840B4}"
EndProject
Project("{FAE04EC0-301F-11D3-BF4B-00C04F79EFBC}") = "Discount.Grpc", "Services\Discount\Discount.Grpc\Discount.Grpc.csproj", "{7B65285A-6562-43BD-AECA-0DD178CB031A}"
EndProject
Project("{2150E333-8FDC-42A3-9474-1A3956D46DE8}") = "Ordering", "Ordering", "{9ABA8749-2005-4F8A-B709-414FEB4C4E94}"
EndProject
Project("{FAE04EC0-301F-11D3-BF4B-00C04F79EFBC}") = "Ordering.API", "Services\Ordering\Ordering.API\Ordering.API.csproj", "{2F50C2FB-9707-47AF-903F-5EE10C492A4C}"
EndProject
Project("{FAE04EC0-301F-11D3-BF4B-00C04F79EFBC}") = "Ordering.Domain", "Services\Ordering\Ordering.Domain\Ordering.Domain.csproj", "{64C322F9-21A4-4E30-B72A-1B38D350066A}"
EndProject
Project("{FAE04EC0-301F-11D3-BF4B-00C04F79EFBC}") = "Ordering.Application", "Services\Ordering\Ordering.Application\Ordering.Application.csproj", "{740707F1-709E-403E-9F41-1B7181FE1467}"
EndProject
Project("{FAE04EC0-301F-11D3-BF4B-00C04F79EFBC}") = "Ordering.Infrastructure", "Services\Ordering\Ordering.Infrastructure\Ordering.Infrastructure.csproj", "{7E45628E-3992-479F-BA82-1D0C30D1F12F}"
EndProject
Global
	GlobalSection(SolutionConfigurationPlatforms) = preSolution
		Debug|Any CPU = Debug|Any CPU
		Release|Any CPU = Release|Any CPU
	EndGlobalSection
	GlobalSection(ProjectConfigurationPlatforms) = postSolution
		{566AD916-A3ED-4B45-8277-63E5120591F5}.Debug|Any CPU.ActiveCfg = Debug|Any CPU
		{566AD916-A3ED-4B45-8277-63E5120591F5}.Debug|Any CPU.Build.0 = Debug|Any CPU
		{566AD916-A3ED-4B45-8277-63E5120591F5}.Release|Any CPU.ActiveCfg = Release|Any CPU
		{566AD916-A3ED-4B45-8277-63E5120591F5}.Release|Any CPU.Build.0 = Release|Any CPU
		{87479422-C9DD-4691-9D29-ACF24CDB6EE3}.Debug|Any CPU.ActiveCfg = Debug|Any CPU
		{87479422-C9DD-4691-9D29-ACF24CDB6EE3}.Debug|Any CPU.Build.0 = Debug|Any CPU
		{87479422-C9DD-4691-9D29-ACF24CDB6EE3}.Release|Any CPU.ActiveCfg = Release|Any CPU
		{87479422-C9DD-4691-9D29-ACF24CDB6EE3}.Release|Any CPU.Build.0 = Release|Any CPU
		{E9366576-A207-4123-B251-85AD580C6598}.Debug|Any CPU.ActiveCfg = Debug|Any CPU
		{E9366576-A207-4123-B251-85AD580C6598}.Debug|Any CPU.Build.0 = Debug|Any CPU
		{E9366576-A207-4123-B251-85AD580C6598}.Release|Any CPU.ActiveCfg = Release|Any CPU
		{E9366576-A207-4123-B251-85AD580C6598}.Release|Any CPU.Build.0 = Release|Any CPU
		{E1FF675E-6F64-467A-ADB4-C066F83840B4}.Debug|Any CPU.ActiveCfg = Debug|Any CPU
		{E1FF675E-6F64-467A-ADB4-C066F83840B4}.Debug|Any CPU.Build.0 = Debug|Any CPU
		{E1FF675E-6F64-467A-ADB4-C066F83840B4}.Release|Any CPU.ActiveCfg = Release|Any CPU
		{E1FF675E-6F64-467A-ADB4-C066F83840B4}.Release|Any CPU.Build.0 = Release|Any CPU
		{7B65285A-6562-43BD-AECA-0DD178CB031A}.Debug|Any CPU.ActiveCfg = Debug|Any CPU
		{7B65285A-6562-43BD-AECA-0DD178CB031A}.Debug|Any CPU.Build.0 = Debug|Any CPU
		{7B65285A-6562-43BD-AECA-0DD178CB031A}.Release|Any CPU.ActiveCfg = Release|Any CPU
		{7B65285A-6562-43BD-AECA-0DD178CB031A}.Release|Any CPU.Build.0 = Release|Any CPU
		{2F50C2FB-9707-47AF-903F-5EE10C492A4C}.Debug|Any CPU.ActiveCfg = Debug|Any CPU
		{2F50C2FB-9707-47AF-903F-5EE10C492A4C}.Debug|Any CPU.Build.0 = Debug|Any CPU
		{2F50C2FB-9707-47AF-903F-5EE10C492A4C}.Release|Any CPU.ActiveCfg = Release|Any CPU
		{2F50C2FB-9707-47AF-903F-5EE10C492A4C}.Release|Any CPU.Build.0 = Release|Any CPU
		{64C322F9-21A4-4E30-B72A-1B38D350066A}.Debug|Any CPU.ActiveCfg = Debug|Any CPU
		{64C322F9-21A4-4E30-B72A-1B38D350066A}.Debug|Any CPU.Build.0 = Debug|Any CPU
		{64C322F9-21A4-4E30-B72A-1B38D350066A}.Release|Any CPU.ActiveCfg = Release|Any CPU
		{64C322F9-21A4-4E30-B72A-1B38D350066A}.Release|Any CPU.Build.0 = Release|Any CPU
		{740707F1-709E-403E-9F41-1B7181FE1467}.Debug|Any CPU.ActiveCfg = Debug|Any CPU
		{740707F1-709E-403E-9F41-1B7181FE1467}.Debug|Any CPU.Build.0 = Debug|Any CPU
		{740707F1-709E-403E-9F41-1B7181FE1467}.Release|Any CPU.ActiveCfg = Release|Any CPU
		{740707F1-709E-403E-9F41-1B7181FE1467}.Release|Any CPU.Build.0 = Release|Any CPU
		{7E45628E-3992-479F-BA82-1D0C30D1F12F}.Debug|Any CPU.ActiveCfg = Debug|Any CPU
		{7E45628E-3992-479F-BA82-1D0C30D1F12F}.Debug|Any CPU.Build.0 = Debug|Any CPU
		{7E45628E-3992-479F-BA82-1D0C30D1F12F}.Release|Any CPU.ActiveCfg = Release|Any CPU
		{7E45628E-3992-479F-BA82-1D0C30D1F12F}.Release|Any CPU.Build.0 = Release|Any CPU
	EndGlobalSection
	GlobalSection(NestedProjects) = preSolution
		{C99087A0-2C35-4530-84A9-2FA57165CC05} = {7A66F71A-0B17-46D1-AAAB-2E9C1F608A48}
		{566AD916-A3ED-4B45-8277-63E5120591F5} = {C99087A0-2C35-4530-84A9-2FA57165CC05}
		{F513C329-B8AB-454F-B926-678D4D29755F} = {7A66F71A-0B17-46D1-AAAB-2E9C1F608A48}
		{87479422-C9DD-4691-9D29-ACF24CDB6EE3} = {F513C329-B8AB-454F-B926-678D4D29755F}
		{FDE05626-78E8-4102-A780-9A81CB612F91} = {7A66F71A-0B17-46D1-AAAB-2E9C1F608A48}
		{E1FF675E-6F64-467A-ADB4-C066F83840B4} = {FDE05626-78E8-4102-A780-9A81CB612F91}
		{7B65285A-6562-43BD-AECA-0DD178CB031A} = {FDE05626-78E8-4102-A780-9A81CB612F91}
		{9ABA8749-2005-4F8A-B709-414FEB4C4E94} = {7A66F71A-0B17-46D1-AAAB-2E9C1F608A48}
		{2F50C2FB-9707-47AF-903F-5EE10C492A4C} = {9ABA8749-2005-4F8A-B709-414FEB4C4E94}
		{64C322F9-21A4-4E30-B72A-1B38D350066A} = {9ABA8749-2005-4F8A-B709-414FEB4C4E94}
		{740707F1-709E-403E-9F41-1B7181FE1467} = {9ABA8749-2005-4F8A-B709-414FEB4C4E94}
		{7E45628E-3992-479F-BA82-1D0C30D1F12F} = {9ABA8749-2005-4F8A-B709-414FEB4C4E94}
	EndGlobalSection
EndGlobal
